
Microsoft Visual Studio Solution File, Format Version 12.00
# Visual Studio Version 16
VisualStudioVersion = 16.0.31321.278
MinimumVisualStudioVersion = 10.0.40219.1
Project("{9A19103F-16F7-4668-BE54-9A1E7A4F7556}") = "MetricsManager", "MetricsManager\MetricsManager.csproj", "{8C09B30F-6134-4165-BB1C-D93DF198BBC8}"
EndProject
Project("{9A19103F-16F7-4668-BE54-9A1E7A4F7556}") = "MetricsManagerTests", "MetricsManagerTests\MetricsManagerTests.csproj", "{A90E2C24-82A2-4EED-B9C1-FAD542E75CD1}"
EndProject
Project("{9A19103F-16F7-4668-BE54-9A1E7A4F7556}") = "MetricsAgent", "MetricsAgent\MetricsAgent.csproj", "{D25F100C-9C16-48C3-BB79-F9035AB79FF2}"
EndProject
Project("{FAE04EC0-301F-11D3-BF4B-00C04F79EFBC}") = "MetricsAgentTests", "MetricsAgentTests\MetricsAgentTests.csproj", "{B1845517-63AA-4DC9-8C95-8F0C5AAD9AA0}"
EndProject
Global
	GlobalSection(SolutionConfigurationPlatforms) = preSolution
		Debug|Any CPU = Debug|Any CPU
		Release|Any CPU = Release|Any CPU
	EndGlobalSection
	GlobalSection(ProjectConfigurationPlatforms) = postSolution
		{8C09B30F-6134-4165-BB1C-D93DF198BBC8}.Debug|Any CPU.ActiveCfg = Debug|Any CPU
		{8C09B30F-6134-4165-BB1C-D93DF198BBC8}.Debug|Any CPU.Build.0 = Debug|Any CPU
		{8C09B30F-6134-4165-BB1C-D93DF198BBC8}.Release|Any CPU.ActiveCfg = Release|Any CPU
		{8C09B30F-6134-4165-BB1C-D93DF198BBC8}.Release|Any CPU.Build.0 = Release|Any CPU
		{A90E2C24-82A2-4EED-B9C1-FAD542E75CD1}.Debug|Any CPU.ActiveCfg = Debug|Any CPU
		{A90E2C24-82A2-4EED-B9C1-FAD542E75CD1}.Debug|Any CPU.Build.0 = Debug|Any CPU
		{A90E2C24-82A2-4EED-B9C1-FAD542E75CD1}.Release|Any CPU.ActiveCfg = Release|Any CPU
		{A90E2C24-82A2-4EED-B9C1-FAD542E75CD1}.Release|Any CPU.Build.0 = Release|Any CPU
		{D25F100C-9C16-48C3-BB79-F9035AB79FF2}.Debug|Any CPU.ActiveCfg = Debug|Any CPU
		{D25F100C-9C16-48C3-BB79-F9035AB79FF2}.Debug|Any CPU.Build.0 = Debug|Any CPU
		{D25F100C-9C16-48C3-BB79-F9035AB79FF2}.Release|Any CPU.ActiveCfg = Release|Any CPU
		{D25F100C-9C16-48C3-BB79-F9035AB79FF2}.Release|Any CPU.Build.0 = Release|Any CPU
		{B1845517-63AA-4DC9-8C95-8F0C5AAD9AA0}.Debug|Any CPU.ActiveCfg = Debug|Any CPU
		{B1845517-63AA-4DC9-8C95-8F0C5AAD9AA0}.Debug|Any CPU.Build.0 = Debug|Any CPU
		{B1845517-63AA-4DC9-8C95-8F0C5AAD9AA0}.Release|Any CPU.ActiveCfg = Release|Any CPU
		{B1845517-63AA-4DC9-8C95-8F0C5AAD9AA0}.Release|Any CPU.Build.0 = Release|Any CPU
	EndGlobalSection
	GlobalSection(SolutionProperties) = preSolution
		HideSolutionNode = FALSE
	EndGlobalSection
	GlobalSection(ExtensibilityGlobals) = postSolution
		SolutionGuid = {44DA17AC-F3AD-45B9-9A6F-8F6A4B7791F7}
	EndGlobalSection
EndGlobal
